// !$*UTF8*$!
{
	archiveVersion = 1;
	classes = {
	};
	objectVersion = 56;
	objects = {

/* Begin PBXBuildFile section */
		D60822DC2A095995009738EA /* URLImage in Frameworks */ = {isa = PBXBuildFile; productRef = D60822DB2A095995009738EA /* URLImage */; };
		D60822DE2A095995009738EA /* URLImageStore in Frameworks */ = {isa = PBXBuildFile; productRef = D60822DD2A095995009738EA /* URLImageStore */; };
		D61B12082A041B3D00857CDB /* AddData.swift in Sources */ = {isa = PBXBuildFile; fileRef = D61B12072A041B3D00857CDB /* AddData.swift */; };
		D6B9C4762A082C0E002E8003 /* ReadStorage.swift in Sources */ = {isa = PBXBuildFile; fileRef = D6B9C4752A082C0E002E8003 /* ReadStorage.swift */; };
		D6B9C4792A082E97002E8003 /* Kingfisher in Frameworks */ = {isa = PBXBuildFile; productRef = D6B9C4782A082E97002E8003 /* Kingfisher */; };
		D6B9C47B2A0843CB002E8003 /* SearchButton.swift in Sources */ = {isa = PBXBuildFile; fileRef = D6B9C47A2A0843CB002E8003 /* SearchButton.swift */; };
		D6C292372A0567A500700AE4 /* ReadData.swift in Sources */ = {isa = PBXBuildFile; fileRef = D6C292362A0567A500700AE4 /* ReadData.swift */; };
		D6D647CF2A0056BB00FA45C8 /* wrer2f22App.swift in Sources */ = {isa = PBXBuildFile; fileRef = D6D647CE2A0056BB00FA45C8 /* wrer2f22App.swift */; };
		D6D647D12A0056BB00FA45C8 /* ContentView.swift in Sources */ = {isa = PBXBuildFile; fileRef = D6D647D02A0056BB00FA45C8 /* ContentView.swift */; };
		D6D647D32A0056BC00FA45C8 /* Assets.xcassets in Resources */ = {isa = PBXBuildFile; fileRef = D6D647D22A0056BC00FA45C8 /* Assets.xcassets */; };
		D6D647D62A0056BC00FA45C8 /* Preview Assets.xcassets in Resources */ = {isa = PBXBuildFile; fileRef = D6D647D52A0056BC00FA45C8 /* Preview Assets.xcassets */; };
		D6D647DD2A0056E800FA45C8 /* GoogleService-Info.plist in Resources */ = {isa = PBXBuildFile; fileRef = D6D647DC2A0056E800FA45C8 /* GoogleService-Info.plist */; };
		D6D647E02A0057C300FA45C8 /* FirebaseAnalytics in Frameworks */ = {isa = PBXBuildFile; productRef = D6D647DF2A0057C300FA45C8 /* FirebaseAnalytics */; };
		D6D647E22A0057C300FA45C8 /* FirebaseAnalyticsOnDeviceConversion in Frameworks */ = {isa = PBXBuildFile; productRef = D6D647E12A0057C300FA45C8 /* FirebaseAnalyticsOnDeviceConversion */; };
		D6D647E42A0057C300FA45C8 /* FirebaseAnalyticsSwift in Frameworks */ = {isa = PBXBuildFile; productRef = D6D647E32A0057C300FA45C8 /* FirebaseAnalyticsSwift */; };
		D6D647E62A0057C300FA45C8 /* FirebaseAnalyticsWithoutAdIdSupport in Frameworks */ = {isa = PBXBuildFile; productRef = D6D647E52A0057C300FA45C8 /* FirebaseAnalyticsWithoutAdIdSupport */; };
		D6D647E82A0057C300FA45C8 /* FirebaseAppCheck in Frameworks */ = {isa = PBXBuildFile; productRef = D6D647E72A0057C300FA45C8 /* FirebaseAppCheck */; };
		D6D647EA2A0057C300FA45C8 /* FirebaseAppDistribution-Beta in Frameworks */ = {isa = PBXBuildFile; productRef = D6D647E92A0057C300FA45C8 /* FirebaseAppDistribution-Beta */; };
		D6D647EC2A0057C300FA45C8 /* FirebaseAuth in Frameworks */ = {isa = PBXBuildFile; productRef = D6D647EB2A0057C300FA45C8 /* FirebaseAuth */; };
		D6D647EE2A0057C300FA45C8 /* FirebaseDatabase in Frameworks */ = {isa = PBXBuildFile; productRef = D6D647ED2A0057C300FA45C8 /* FirebaseDatabase */; };
		D6D647F02A0057C300FA45C8 /* FirebaseDatabaseSwift in Frameworks */ = {isa = PBXBuildFile; productRef = D6D647EF2A0057C300FA45C8 /* FirebaseDatabaseSwift */; };
		D6D647F22A0057C300FA45C8 /* FirebaseDynamicLinks in Frameworks */ = {isa = PBXBuildFile; productRef = D6D647F12A0057C300FA45C8 /* FirebaseDynamicLinks */; };
		D6D647F42A0057C300FA45C8 /* FirebaseFirestore in Frameworks */ = {isa = PBXBuildFile; productRef = D6D647F32A0057C300FA45C8 /* FirebaseFirestore */; };
		D6D647F62A0057C300FA45C8 /* FirebaseFirestoreCombine-Community in Frameworks */ = {isa = PBXBuildFile; productRef = D6D647F52A0057C300FA45C8 /* FirebaseFirestoreCombine-Community */; };
		D6D647F82A0057C300FA45C8 /* FirebaseFirestoreSwift in Frameworks */ = {isa = PBXBuildFile; productRef = D6D647F72A0057C300FA45C8 /* FirebaseFirestoreSwift */; };
		D6D647FA2A0057C300FA45C8 /* FirebaseFunctions in Frameworks */ = {isa = PBXBuildFile; productRef = D6D647F92A0057C300FA45C8 /* FirebaseFunctions */; };
		D6D647FC2A0057C300FA45C8 /* FirebaseFunctionsCombine-Community in Frameworks */ = {isa = PBXBuildFile; productRef = D6D647FB2A0057C300FA45C8 /* FirebaseFunctionsCombine-Community */; };
		D6D647FE2A0057C300FA45C8 /* FirebaseInAppMessaging-Beta in Frameworks */ = {isa = PBXBuildFile; productRef = D6D647FD2A0057C300FA45C8 /* FirebaseInAppMessaging-Beta */; };
		D6D648002A0057C300FA45C8 /* FirebaseInAppMessagingSwift-Beta in Frameworks */ = {isa = PBXBuildFile; productRef = D6D647FF2A0057C300FA45C8 /* FirebaseInAppMessagingSwift-Beta */; };
		D6D648022A0057C300FA45C8 /* FirebaseInstallations in Frameworks */ = {isa = PBXBuildFile; productRef = D6D648012A0057C300FA45C8 /* FirebaseInstallations */; };
		D6D648042A0057C300FA45C8 /* FirebaseMLModelDownloader in Frameworks */ = {isa = PBXBuildFile; productRef = D6D648032A0057C300FA45C8 /* FirebaseMLModelDownloader */; };
		D6D648062A0057C300FA45C8 /* FirebaseMessaging in Frameworks */ = {isa = PBXBuildFile; productRef = D6D648052A0057C300FA45C8 /* FirebaseMessaging */; };
		D6D648082A0057C300FA45C8 /* FirebasePerformance in Frameworks */ = {isa = PBXBuildFile; productRef = D6D648072A0057C300FA45C8 /* FirebasePerformance */; };
		D6D6480A2A0057C300FA45C8 /* FirebaseRemoteConfig in Frameworks */ = {isa = PBXBuildFile; productRef = D6D648092A0057C300FA45C8 /* FirebaseRemoteConfig */; };
		D6D6480C2A0057C300FA45C8 /* FirebaseRemoteConfigSwift in Frameworks */ = {isa = PBXBuildFile; productRef = D6D6480B2A0057C300FA45C8 /* FirebaseRemoteConfigSwift */; };
		D6D6480E2A0057C300FA45C8 /* FirebaseStorage in Frameworks */ = {isa = PBXBuildFile; productRef = D6D6480D2A0057C300FA45C8 /* FirebaseStorage */; };
		D6D648102A0057C300FA45C8 /* FirebaseStorageCombine-Community in Frameworks */ = {isa = PBXBuildFile; productRef = D6D6480F2A0057C300FA45C8 /* FirebaseStorageCombine-Community */; };
		D6D648152A00582300FA45C8 /* Storage.swift in Sources */ = {isa = PBXBuildFile; fileRef = D6D648122A00582300FA45C8 /* Storage.swift */; };
		D6D648162A00582300FA45C8 /* Auth.swift in Sources */ = {isa = PBXBuildFile; fileRef = D6D648132A00582300FA45C8 /* Auth.swift */; };
		D6D648172A00582300FA45C8 /* Database.swift in Sources */ = {isa = PBXBuildFile; fileRef = D6D648142A00582300FA45C8 /* Database.swift */; };
		D6D648192A00583200FA45C8 /* Alert.swift in Sources */ = {isa = PBXBuildFile; fileRef = D6D648182A00583200FA45C8 /* Alert.swift */; };
/* End PBXBuildFile section */

/* Begin PBXFileReference section */
		D61B12072A041B3D00857CDB /* AddData.swift */ = {isa = PBXFileReference; lastKnownFileType = sourcecode.swift; path = AddData.swift; sourceTree = "<group>"; };
		D6B9C4752A082C0E002E8003 /* ReadStorage.swift */ = {isa = PBXFileReference; lastKnownFileType = sourcecode.swift; path = ReadStorage.swift; sourceTree = "<group>"; };
		D6B9C47A2A0843CB002E8003 /* SearchButton.swift */ = {isa = PBXFileReference; lastKnownFileType = sourcecode.swift; path = SearchButton.swift; sourceTree = "<group>"; };
		D6C292362A0567A500700AE4 /* ReadData.swift */ = {isa = PBXFileReference; lastKnownFileType = sourcecode.swift; path = ReadData.swift; sourceTree = "<group>"; };
		D6D647CB2A0056BB00FA45C8 /* wrer2f22.app */ = {isa = PBXFileReference; explicitFileType = wrapper.application; includeInIndex = 0; path = wrer2f22.app; sourceTree = BUILT_PRODUCTS_DIR; };
		D6D647CE2A0056BB00FA45C8 /* wrer2f22App.swift */ = {isa = PBXFileReference; lastKnownFileType = sourcecode.swift; path = wrer2f22App.swift; sourceTree = "<group>"; };
		D6D647D02A0056BB00FA45C8 /* ContentView.swift */ = {isa = PBXFileReference; lastKnownFileType = sourcecode.swift; path = ContentView.swift; sourceTree = "<group>"; };
		D6D647D22A0056BC00FA45C8 /* Assets.xcassets */ = {isa = PBXFileReference; lastKnownFileType = folder.assetcatalog; path = Assets.xcassets; sourceTree = "<group>"; };
		D6D647D52A0056BC00FA45C8 /* Preview Assets.xcassets */ = {isa = PBXFileReference; lastKnownFileType = folder.assetcatalog; path = "Preview Assets.xcassets"; sourceTree = "<group>"; };
		D6D647DC2A0056E800FA45C8 /* GoogleService-Info.plist */ = {isa = PBXFileReference; fileEncoding = 4; lastKnownFileType = text.plist.xml; path = "GoogleService-Info.plist"; sourceTree = "<group>"; };
		D6D648122A00582300FA45C8 /* Storage.swift */ = {isa = PBXFileReference; fileEncoding = 4; lastKnownFileType = sourcecode.swift; path = Storage.swift; sourceTree = "<group>"; };
		D6D648132A00582300FA45C8 /* Auth.swift */ = {isa = PBXFileReference; fileEncoding = 4; lastKnownFileType = sourcecode.swift; path = Auth.swift; sourceTree = "<group>"; };
		D6D648142A00582300FA45C8 /* Database.swift */ = {isa = PBXFileReference; fileEncoding = 4; lastKnownFileType = sourcecode.swift; path = Database.swift; sourceTree = "<group>"; };
		D6D648182A00583200FA45C8 /* Alert.swift */ = {isa = PBXFileReference; fileEncoding = 4; lastKnownFileType = sourcecode.swift; path = Alert.swift; sourceTree = "<group>"; };
/* End PBXFileReference section */

/* Begin PBXFrameworksBuildPhase section */
		D6D647C82A0056BB00FA45C8 /* Frameworks */ = {
			isa = PBXFrameworksBuildPhase;
			buildActionMask = 2147483647;
			files = (
				D6D647E42A0057C300FA45C8 /* FirebaseAnalyticsSwift in Frameworks */,
				D60822DC2A095995009738EA /* URLImage in Frameworks */,
				D6D648002A0057C300FA45C8 /* FirebaseInAppMessagingSwift-Beta in Frameworks */,
				D6D647FA2A0057C300FA45C8 /* FirebaseFunctions in Frameworks */,
				D6D648022A0057C300FA45C8 /* FirebaseInstallations in Frameworks */,
				D6D647E02A0057C300FA45C8 /* FirebaseAnalytics in Frameworks */,
				D6D6480E2A0057C300FA45C8 /* FirebaseStorage in Frameworks */,
				D6D647E22A0057C300FA45C8 /* FirebaseAnalyticsOnDeviceConversion in Frameworks */,
				D60822DE2A095995009738EA /* URLImageStore in Frameworks */,
				D6D647F02A0057C300FA45C8 /* FirebaseDatabaseSwift in Frameworks */,
				D6B9C4792A082E97002E8003 /* Kingfisher in Frameworks */,
				D6D647E82A0057C300FA45C8 /* FirebaseAppCheck in Frameworks */,
				D6D647E62A0057C300FA45C8 /* FirebaseAnalyticsWithoutAdIdSupport in Frameworks */,
				D6D647EC2A0057C300FA45C8 /* FirebaseAuth in Frameworks */,
				D6D647FC2A0057C300FA45C8 /* FirebaseFunctionsCombine-Community in Frameworks */,
				D6D6480A2A0057C300FA45C8 /* FirebaseRemoteConfig in Frameworks */,
				D6D647F82A0057C300FA45C8 /* FirebaseFirestoreSwift in Frameworks */,
				D6D648062A0057C300FA45C8 /* FirebaseMessaging in Frameworks */,
				D6D648042A0057C300FA45C8 /* FirebaseMLModelDownloader in Frameworks */,
				D6D648082A0057C300FA45C8 /* FirebasePerformance in Frameworks */,
				D6D647EE2A0057C300FA45C8 /* FirebaseDatabase in Frameworks */,
				D6D647FE2A0057C300FA45C8 /* FirebaseInAppMessaging-Beta in Frameworks */,
				D6D6480C2A0057C300FA45C8 /* FirebaseRemoteConfigSwift in Frameworks */,
				D6D647EA2A0057C300FA45C8 /* FirebaseAppDistribution-Beta in Frameworks */,
				D6D647F62A0057C300FA45C8 /* FirebaseFirestoreCombine-Community in Frameworks */,
				D6D648102A0057C300FA45C8 /* FirebaseStorageCombine-Community in Frameworks */,
				D6D647F42A0057C300FA45C8 /* FirebaseFirestore in Frameworks */,
				D6D647F22A0057C300FA45C8 /* FirebaseDynamicLinks in Frameworks */,
			);
			runOnlyForDeploymentPostprocessing = 0;
		};
/* End PBXFrameworksBuildPhase section */

/* Begin PBXGroup section */
		D61B12092A04419400857CDB /* Bin */ = {
			isa = PBXGroup;
			children = (
				D6D648142A00582300FA45C8 /* Database.swift */,
				D6D648122A00582300FA45C8 /* Storage.swift */,
			);
			path = Bin;
			sourceTree = "<group>";
		};
		D6D647C22A0056BB00FA45C8 = {
			isa = PBXGroup;
			children = (
				D6D647CD2A0056BB00FA45C8 /* wrer2f22 */,
				D6D647CC2A0056BB00FA45C8 /* Products */,
			);
			sourceTree = "<group>";
		};
		D6D647CC2A0056BB00FA45C8 /* Products */ = {
			isa = PBXGroup;
			children = (
				D6D647CB2A0056BB00FA45C8 /* wrer2f22.app */,
			);
			name = Products;
			sourceTree = "<group>";
		};
		D6D647CD2A0056BB00FA45C8 /* wrer2f22 */ = {
			isa = PBXGroup;
			children = (
				D61B12092A04419400857CDB /* Bin */,
				D6D647CE2A0056BB00FA45C8 /* wrer2f22App.swift */,
				D6D647D02A0056BB00FA45C8 /* ContentView.swift */,
				D6D648182A00583200FA45C8 /* Alert.swift */,
				D6D648112A00582300FA45C8 /* Firebase */,
				D6D647D22A0056BC00FA45C8 /* Assets.xcassets */,
				D6D647DC2A0056E800FA45C8 /* GoogleService-Info.plist */,
				D6D647D42A0056BC00FA45C8 /* Preview Content */,
			);
			path = wrer2f22;
			sourceTree = "<group>";
		};
		D6D647D42A0056BC00FA45C8 /* Preview Content */ = {
			isa = PBXGroup;
			children = (
				D6D647D52A0056BC00FA45C8 /* Preview Assets.xcassets */,
			);
			path = "Preview Content";
			sourceTree = "<group>";
		};
		D6D648112A00582300FA45C8 /* Firebase */ = {
			isa = PBXGroup;
			children = (
				D6D648132A00582300FA45C8 /* Auth.swift */,
				D61B12072A041B3D00857CDB /* AddData.swift */,
				D6C292362A0567A500700AE4 /* ReadData.swift */,
				D6B9C4752A082C0E002E8003 /* ReadStorage.swift */,
				D6B9C47A2A0843CB002E8003 /* SearchButton.swift */,
			);
			path = Firebase;
			sourceTree = "<group>";
		};
/* End PBXGroup section */

/* Begin PBXNativeTarget section */
		D6D647CA2A0056BB00FA45C8 /* wrer2f22 */ = {
			isa = PBXNativeTarget;
			buildConfigurationList = D6D647D92A0056BC00FA45C8 /* Build configuration list for PBXNativeTarget "wrer2f22" */;
			buildPhases = (
				D6D647C72A0056BB00FA45C8 /* Sources */,
				D6D647C82A0056BB00FA45C8 /* Frameworks */,
				D6D647C92A0056BB00FA45C8 /* Resources */,
			);
			buildRules = (
			);
			dependencies = (
			);
			name = wrer2f22;
			packageProductDependencies = (
				D6D647DF2A0057C300FA45C8 /* FirebaseAnalytics */,
				D6D647E12A0057C300FA45C8 /* FirebaseAnalyticsOnDeviceConversion */,
				D6D647E32A0057C300FA45C8 /* FirebaseAnalyticsSwift */,
				D6D647E52A0057C300FA45C8 /* FirebaseAnalyticsWithoutAdIdSupport */,
				D6D647E72A0057C300FA45C8 /* FirebaseAppCheck */,
				D6D647E92A0057C300FA45C8 /* FirebaseAppDistribution-Beta */,
				D6D647EB2A0057C300FA45C8 /* FirebaseAuth */,
				D6D647ED2A0057C300FA45C8 /* FirebaseDatabase */,
				D6D647EF2A0057C300FA45C8 /* FirebaseDatabaseSwift */,
				D6D647F12A0057C300FA45C8 /* FirebaseDynamicLinks */,
				D6D647F32A0057C300FA45C8 /* FirebaseFirestore */,
				D6D647F52A0057C300FA45C8 /* FirebaseFirestoreCombine-Community */,
				D6D647F72A0057C300FA45C8 /* FirebaseFirestoreSwift */,
				D6D647F92A0057C300FA45C8 /* FirebaseFunctions */,
				D6D647FB2A0057C300FA45C8 /* FirebaseFunctionsCombine-Community */,
				D6D647FD2A0057C300FA45C8 /* FirebaseInAppMessaging-Beta */,
				D6D647FF2A0057C300FA45C8 /* FirebaseInAppMessagingSwift-Beta */,
				D6D648012A0057C300FA45C8 /* FirebaseInstallations */,
				D6D648032A0057C300FA45C8 /* FirebaseMLModelDownloader */,
				D6D648052A0057C300FA45C8 /* FirebaseMessaging */,
				D6D648072A0057C300FA45C8 /* FirebasePerformance */,
				D6D648092A0057C300FA45C8 /* FirebaseRemoteConfig */,
				D6D6480B2A0057C300FA45C8 /* FirebaseRemoteConfigSwift */,
				D6D6480D2A0057C300FA45C8 /* FirebaseStorage */,
				D6D6480F2A0057C300FA45C8 /* FirebaseStorageCombine-Community */,
				D6B9C4782A082E97002E8003 /* Kingfisher */,
				D60822DB2A095995009738EA /* URLImage */,
				D60822DD2A095995009738EA /* URLImageStore */,
			);
			productName = wrer2f22;
			productReference = D6D647CB2A0056BB00FA45C8 /* wrer2f22.app */;
			productType = "com.apple.product-type.application";
		};
/* End PBXNativeTarget section */

/* Begin PBXProject section */
		D6D647C32A0056BB00FA45C8 /* Project object */ = {
			isa = PBXProject;
			attributes = {
				BuildIndependentTargetsInParallel = 1;
				LastSwiftUpdateCheck = 1430;
				LastUpgradeCheck = 1430;
				TargetAttributes = {
					D6D647CA2A0056BB00FA45C8 = {
						CreatedOnToolsVersion = 14.3;
					};
				};
			};
			buildConfigurationList = D6D647C62A0056BB00FA45C8 /* Build configuration list for PBXProject "wrer2f22" */;
			compatibilityVersion = "Xcode 14.0";
			developmentRegion = en;
			hasScannedForEncodings = 0;
			knownRegions = (
				en,
				Base,
			);
			mainGroup = D6D647C22A0056BB00FA45C8;
			packageReferences = (
				D6D647DE2A0057C300FA45C8 /* XCRemoteSwiftPackageReference "firebase-ios-sdk" */,
				D6B9C4772A082E97002E8003 /* XCRemoteSwiftPackageReference "Kingfisher" */,
				D60822DA2A095994009738EA /* XCRemoteSwiftPackageReference "url-image" */,
			);
			productRefGroup = D6D647CC2A0056BB00FA45C8 /* Products */;
			projectDirPath = "";
			projectRoot = "";
			targets = (
				D6D647CA2A0056BB00FA45C8 /* wrer2f22 */,
			);
		};
/* End PBXProject section */

/* Begin PBXResourcesBuildPhase section */
		D6D647C92A0056BB00FA45C8 /* Resources */ = {
			isa = PBXResourcesBuildPhase;
			buildActionMask = 2147483647;
			files = (
				D6D647D62A0056BC00FA45C8 /* Preview Assets.xcassets in Resources */,
				D6D647D32A0056BC00FA45C8 /* Assets.xcassets in Resources */,
				D6D647DD2A0056E800FA45C8 /* GoogleService-Info.plist in Resources */,
			);
			runOnlyForDeploymentPostprocessing = 0;
		};
/* End PBXResourcesBuildPhase section */

/* Begin PBXSourcesBuildPhase section */
		D6D647C72A0056BB00FA45C8 /* Sources */ = {
			isa = PBXSourcesBuildPhase;
			buildActionMask = 2147483647;
			files = (
				D6D648192A00583200FA45C8 /* Alert.swift in Sources */,
				D61B12082A041B3D00857CDB /* AddData.swift in Sources */,
				D6B9C4762A082C0E002E8003 /* ReadStorage.swift in Sources */,
				D6D647D12A0056BB00FA45C8 /* ContentView.swift in Sources */,
				D6D647CF2A0056BB00FA45C8 /* wrer2f22App.swift in Sources */,
				D6B9C47B2A0843CB002E8003 /* SearchButton.swift in Sources */,
				D6D648152A00582300FA45C8 /* Storage.swift in Sources */,
				D6D648172A00582300FA45C8 /* Database.swift in Sources */,
				D6D648162A00582300FA45C8 /* Auth.swift in Sources */,
				D6C292372A0567A500700AE4 /* ReadData.swift in Sources */,
			);
			runOnlyForDeploymentPostprocessing = 0;
		};
/* End PBXSourcesBuildPhase section */

/* Begin XCBuildConfiguration section */
		D6D647D72A0056BC00FA45C8 /* Debug */ = {
			isa = XCBuildConfiguration;
			buildSettings = {
				ALWAYS_SEARCH_USER_PATHS = NO;
				CLANG_ANALYZER_NONNULL = YES;
				CLANG_ANALYZER_NUMBER_OBJECT_CONVERSION = YES_AGGRESSIVE;
				CLANG_CXX_LANGUAGE_STANDARD = "gnu++20";
				CLANG_ENABLE_MODULES = YES;
				CLANG_ENABLE_OBJC_ARC = YES;
				CLANG_ENABLE_OBJC_WEAK = YES;
				CLANG_WARN_BLOCK_CAPTURE_AUTORELEASING = YES;
				CLANG_WARN_BOOL_CONVERSION = YES;
				CLANG_WARN_COMMA = YES;
				CLANG_WARN_CONSTANT_CONVERSION = YES;
				CLANG_WARN_DEPRECATED_OBJC_IMPLEMENTATIONS = YES;
				CLANG_WARN_DIRECT_OBJC_ISA_USAGE = YES_ERROR;
				CLANG_WARN_DOCUMENTATION_COMMENTS = YES;
				CLANG_WARN_EMPTY_BODY = YES;
				CLANG_WARN_ENUM_CONVERSION = YES;
				CLANG_WARN_INFINITE_RECURSION = YES;
				CLANG_WARN_INT_CONVERSION = YES;
				CLANG_WARN_NON_LITERAL_NULL_CONVERSION = YES;
				CLANG_WARN_OBJC_IMPLICIT_RETAIN_SELF = YES;
				CLANG_WARN_OBJC_LITERAL_CONVERSION = YES;
				CLANG_WARN_OBJC_ROOT_CLASS = YES_ERROR;
				CLANG_WARN_QUOTED_INCLUDE_IN_FRAMEWORK_HEADER = YES;
				CLANG_WARN_RANGE_LOOP_ANALYSIS = YES;
				CLANG_WARN_STRICT_PROTOTYPES = YES;
				CLANG_WARN_SUSPICIOUS_MOVE = YES;
				CLANG_WARN_UNGUARDED_AVAILABILITY = YES_AGGRESSIVE;
				CLANG_WARN_UNREACHABLE_CODE = YES;
				CLANG_WARN__DUPLICATE_METHOD_MATCH = YES;
				COPY_PHASE_STRIP = NO;
				DEBUG_INFORMATION_FORMAT = dwarf;
				ENABLE_STRICT_OBJC_MSGSEND = YES;
				ENABLE_TESTABILITY = YES;
				GCC_C_LANGUAGE_STANDARD = gnu11;
				GCC_DYNAMIC_NO_PIC = NO;
				GCC_NO_COMMON_BLOCKS = YES;
				GCC_OPTIMIZATION_LEVEL = 0;
				GCC_PREPROCESSOR_DEFINITIONS = (
					"DEBUG=1",
					"$(inherited)",
				);
				GCC_WARN_64_TO_32_BIT_CONVERSION = YES;
				GCC_WARN_ABOUT_RETURN_TYPE = YES_ERROR;
				GCC_WARN_UNDECLARED_SELECTOR = YES;
				GCC_WARN_UNINITIALIZED_AUTOS = YES_AGGRESSIVE;
				GCC_WARN_UNUSED_FUNCTION = YES;
				GCC_WARN_UNUSED_VARIABLE = YES;
				IPHONEOS_DEPLOYMENT_TARGET = 16.4;
				MTL_ENABLE_DEBUG_INFO = INCLUDE_SOURCE;
				MTL_FAST_MATH = YES;
				ONLY_ACTIVE_ARCH = YES;
				SDKROOT = iphoneos;
				SWIFT_ACTIVE_COMPILATION_CONDITIONS = DEBUG;
				SWIFT_OPTIMIZATION_LEVEL = "-Onone";
			};
			name = Debug;
		};
		D6D647D82A0056BC00FA45C8 /* Release */ = {
			isa = XCBuildConfiguration;
			buildSettings = {
				ALWAYS_SEARCH_USER_PATHS = NO;
				CLANG_ANALYZER_NONNULL = YES;
				CLANG_ANALYZER_NUMBER_OBJECT_CONVERSION = YES_AGGRESSIVE;
				CLANG_CXX_LANGUAGE_STANDARD = "gnu++20";
				CLANG_ENABLE_MODULES = YES;
				CLANG_ENABLE_OBJC_ARC = YES;
				CLANG_ENABLE_OBJC_WEAK = YES;
				CLANG_WARN_BLOCK_CAPTURE_AUTORELEASING = YES;
				CLANG_WARN_BOOL_CONVERSION = YES;
				CLANG_WARN_COMMA = YES;
				CLANG_WARN_CONSTANT_CONVERSION = YES;
				CLANG_WARN_DEPRECATED_OBJC_IMPLEMENTATIONS = YES;
				CLANG_WARN_DIRECT_OBJC_ISA_USAGE = YES_ERROR;
				CLANG_WARN_DOCUMENTATION_COMMENTS = YES;
				CLANG_WARN_EMPTY_BODY = YES;
				CLANG_WARN_ENUM_CONVERSION = YES;
				CLANG_WARN_INFINITE_RECURSION = YES;
				CLANG_WARN_INT_CONVERSION = YES;
				CLANG_WARN_NON_LITERAL_NULL_CONVERSION = YES;
				CLANG_WARN_OBJC_IMPLICIT_RETAIN_SELF = YES;
				CLANG_WARN_OBJC_LITERAL_CONVERSION = YES;
				CLANG_WARN_OBJC_ROOT_CLASS = YES_ERROR;
				CLANG_WARN_QUOTED_INCLUDE_IN_FRAMEWORK_HEADER = YES;
				CLANG_WARN_RANGE_LOOP_ANALYSIS = YES;
				CLANG_WARN_STRICT_PROTOTYPES = YES;
				CLANG_WARN_SUSPICIOUS_MOVE = YES;
				CLANG_WARN_UNGUARDED_AVAILABILITY = YES_AGGRESSIVE;
				CLANG_WARN_UNREACHABLE_CODE = YES;
				CLANG_WARN__DUPLICATE_METHOD_MATCH = YES;
				COPY_PHASE_STRIP = NO;
				DEBUG_INFORMATION_FORMAT = "dwarf-with-dsym";
				ENABLE_NS_ASSERTIONS = NO;
				ENABLE_STRICT_OBJC_MSGSEND = YES;
				GCC_C_LANGUAGE_STANDARD = gnu11;
				GCC_NO_COMMON_BLOCKS = YES;
				GCC_WARN_64_TO_32_BIT_CONVERSION = YES;
				GCC_WARN_ABOUT_RETURN_TYPE = YES_ERROR;
				GCC_WARN_UNDECLARED_SELECTOR = YES;
				GCC_WARN_UNINITIALIZED_AUTOS = YES_AGGRESSIVE;
				GCC_WARN_UNUSED_FUNCTION = YES;
				GCC_WARN_UNUSED_VARIABLE = YES;
				IPHONEOS_DEPLOYMENT_TARGET = 16.4;
				MTL_ENABLE_DEBUG_INFO = NO;
				MTL_FAST_MATH = YES;
				SDKROOT = iphoneos;
				SWIFT_COMPILATION_MODE = wholemodule;
				SWIFT_OPTIMIZATION_LEVEL = "-O";
				VALIDATE_PRODUCT = YES;
			};
			name = Release;
		};
		D6D647DA2A0056BC00FA45C8 /* Debug */ = {
			isa = XCBuildConfiguration;
			buildSettings = {
				ASSETCATALOG_COMPILER_APPICON_NAME = AppIcon;
				ASSETCATALOG_COMPILER_GLOBAL_ACCENT_COLOR_NAME = AccentColor;
				CODE_SIGN_STYLE = Automatic;
				CURRENT_PROJECT_VERSION = 1;
				DEVELOPMENT_ASSET_PATHS = "\"wrer2f22/Preview Content\"";
				DEVELOPMENT_TEAM = 9YAFWS82CM;
				ENABLE_PREVIEWS = YES;
				GENERATE_INFOPLIST_FILE = YES;
				INFOPLIST_KEY_UIApplicationSceneManifest_Generation = YES;
				INFOPLIST_KEY_UIApplicationSupportsIndirectInputEvents = YES;
				INFOPLIST_KEY_UILaunchScreen_Generation = YES;
				INFOPLIST_KEY_UISupportedInterfaceOrientations_iPad = "UIInterfaceOrientationPortrait UIInterfaceOrientationPortraitUpsideDown UIInterfaceOrientationLandscapeLeft UIInterfaceOrientationLandscapeRight";
				INFOPLIST_KEY_UISupportedInterfaceOrientations_iPhone = "UIInterfaceOrientationPortrait UIInterfaceOrientationLandscapeLeft UIInterfaceOrientationLandscapeRight";
				LD_RUNPATH_SEARCH_PATHS = (
					"$(inherited)",
					"@executable_path/Frameworks",
				);
				MARKETING_VERSION = 1.0;
				PRODUCT_BUNDLE_IDENTIFIER = com.semihkarahan.wrer2f22;
				PRODUCT_NAME = "$(TARGET_NAME)";
				SWIFT_EMIT_LOC_STRINGS = YES;
				SWIFT_VERSION = 5.0;
				TARGETED_DEVICE_FAMILY = "1,2";
			};
			name = Debug;
		};
		D6D647DB2A0056BC00FA45C8 /* Release */ = {
			isa = XCBuildConfiguration;
			buildSettings = {
				ASSETCATALOG_COMPILER_APPICON_NAME = AppIcon;
				ASSETCATALOG_COMPILER_GLOBAL_ACCENT_COLOR_NAME = AccentColor;
				CODE_SIGN_STYLE = Automatic;
				CURRENT_PROJECT_VERSION = 1;
				DEVELOPMENT_ASSET_PATHS = "\"wrer2f22/Preview Content\"";
				DEVELOPMENT_TEAM = 9YAFWS82CM;
				ENABLE_PREVIEWS = YES;
				GENERATE_INFOPLIST_FILE = YES;
				INFOPLIST_KEY_UIApplicationSceneManifest_Generation = YES;
				INFOPLIST_KEY_UIApplicationSupportsIndirectInputEvents = YES;
				INFOPLIST_KEY_UILaunchScreen_Generation = YES;
				INFOPLIST_KEY_UISupportedInterfaceOrientations_iPad = "UIInterfaceOrientationPortrait UIInterfaceOrientationPortraitUpsideDown UIInterfaceOrientationLandscapeLeft UIInterfaceOrientationLandscapeRight";
				INFOPLIST_KEY_UISupportedInterfaceOrientations_iPhone = "UIInterfaceOrientationPortrait UIInterfaceOrientationLandscapeLeft UIInterfaceOrientationLandscapeRight";
				LD_RUNPATH_SEARCH_PATHS = (
					"$(inherited)",
					"@executable_path/Frameworks",
				);
				MARKETING_VERSION = 1.0;
				PRODUCT_BUNDLE_IDENTIFIER = com.semihkarahan.wrer2f22;
				PRODUCT_NAME = "$(TARGET_NAME)";
				SWIFT_EMIT_LOC_STRINGS = YES;
				SWIFT_VERSION = 5.0;
				TARGETED_DEVICE_FAMILY = "1,2";
			};
			name = Release;
		};
/* End XCBuildConfiguration section */

/* Begin XCConfigurationList section */
		D6D647C62A0056BB00FA45C8 /* Build configuration list for PBXProject "wrer2f22" */ = {
			isa = XCConfigurationList;
			buildConfigurations = (
				D6D647D72A0056BC00FA45C8 /* Debug */,
				D6D647D82A0056BC00FA45C8 /* Release */,
			);
			defaultConfigurationIsVisible = 0;
			defaultConfigurationName = Release;
		};
		D6D647D92A0056BC00FA45C8 /* Build configuration list for PBXNativeTarget "wrer2f22" */ = {
			isa = XCConfigurationList;
			buildConfigurations = (
				D6D647DA2A0056BC00FA45C8 /* Debug */,
				D6D647DB2A0056BC00FA45C8 /* Release */,
			);
			defaultConfigurationIsVisible = 0;
			defaultConfigurationName = Release;
		};
/* End XCConfigurationList section */

/* Begin XCRemoteSwiftPackageReference section */
		D60822DA2A095994009738EA /* XCRemoteSwiftPackageReference "url-image" */ = {
			isa = XCRemoteSwiftPackageReference;
			repositoryURL = "https://github.com/dmytro-anokhin/url-image.git";
			requirement = {
				kind = upToNextMajorVersion;
				minimumVersion = 3.0.0;
			};
		};
		D6B9C4772A082E97002E8003 /* XCRemoteSwiftPackageReference "Kingfisher" */ = {
			isa = XCRemoteSwiftPackageReference;
			repositoryURL = "https://github.com/onevcat/Kingfisher.git";
			requirement = {
				kind = upToNextMajorVersion;
				minimumVersion = 7.0.0;
			};
		};
		D6D647DE2A0057C300FA45C8 /* XCRemoteSwiftPackageReference "firebase-ios-sdk" */ = {
			isa = XCRemoteSwiftPackageReference;
			repositoryURL = "https://github.com/firebase/firebase-ios-sdk";
			requirement = {
				kind = upToNextMajorVersion;
				minimumVersion = 10.0.0;
			};
		};
/* End XCRemoteSwiftPackageReference section */

/* Begin XCSwiftPackageProductDependency section */
		D60822DB2A095995009738EA /* URLImage */ = {
			isa = XCSwiftPackageProductDependency;
			package = D60822DA2A095994009738EA /* XCRemoteSwiftPackageReference "url-image" */;
			productName = URLImage;
		};
		D60822DD2A095995009738EA /* URLImageStore */ = {
			isa = XCSwiftPackageProductDependency;
			package = D60822DA2A095994009738EA /* XCRemoteSwiftPackageReference "url-image" */;
			productName = URLImageStore;
		};
		D6B9C4782A082E97002E8003 /* Kingfisher */ = {
			isa = XCSwiftPackageProductDependency;
			package = D6B9C4772A082E97002E8003 /* XCRemoteSwiftPackageReference "Kingfisher" */;
			productName = Kingfisher;
		};
		D6D647DF2A0057C300FA45C8 /* FirebaseAnalytics */ = {
			isa = XCSwiftPackageProductDependency;
			package = D6D647DE2A0057C300FA45C8 /* XCRemoteSwiftPackageReference "firebase-ios-sdk" */;
			productName = FirebaseAnalytics;
		};
		D6D647E12A0057C300FA45C8 /* FirebaseAnalyticsOnDeviceConversion */ = {
			isa = XCSwiftPackageProductDependency;
			package = D6D647DE2A0057C300FA45C8 /* XCRemoteSwiftPackageReference "firebase-ios-sdk" */;
			productName = FirebaseAnalyticsOnDeviceConversion;
		};
		D6D647E32A0057C300FA45C8 /* FirebaseAnalyticsSwift */ = {
			isa = XCSwiftPackageProductDependency;
			package = D6D647DE2A0057C300FA45C8 /* XCRemoteSwiftPackageReference "firebase-ios-sdk" */;
			productName = FirebaseAnalyticsSwift;
		};
		D6D647E52A0057C300FA45C8 /* FirebaseAnalyticsWithoutAdIdSupport */ = {
			isa = XCSwiftPackageProductDependency;
			package = D6D647DE2A0057C300FA45C8 /* XCRemoteSwiftPackageReference "firebase-ios-sdk" */;
			productName = FirebaseAnalyticsWithoutAdIdSupport;
		};
		D6D647E72A0057C300FA45C8 /* FirebaseAppCheck */ = {
			isa = XCSwiftPackageProductDependency;
			package = D6D647DE2A0057C300FA45C8 /* XCRemoteSwiftPackageReference "firebase-ios-sdk" */;
			productName = FirebaseAppCheck;
		};
		D6D647E92A0057C300FA45C8 /* FirebaseAppDistribution-Beta */ = {
			isa = XCSwiftPackageProductDependency;
			package = D6D647DE2A0057C300FA45C8 /* XCRemoteSwiftPackageReference "firebase-ios-sdk" */;
			productName = "FirebaseAppDistribution-Beta";
		};
		D6D647EB2A0057C300FA45C8 /* FirebaseAuth */ = {
			isa = XCSwiftPackageProductDependency;
			package = D6D647DE2A0057C300FA45C8 /* XCRemoteSwiftPackageReference "firebase-ios-sdk" */;
			productName = FirebaseAuth;
		};
		D6D647ED2A0057C300FA45C8 /* FirebaseDatabase */ = {
			isa = XCSwiftPackageProductDependency;
			package = D6D647DE2A0057C300FA45C8 /* XCRemoteSwiftPackageReference "firebase-ios-sdk" */;
			productName = FirebaseDatabase;
		};
		D6D647EF2A0057C300FA45C8 /* FirebaseDatabaseSwift */ = {
			isa = XCSwiftPackageProductDependency;
			package = D6D647DE2A0057C300FA45C8 /* XCRemoteSwiftPackageReference "firebase-ios-sdk" */;
			productName = FirebaseDatabaseSwift;
		};
		D6D647F12A0057C300FA45C8 /* FirebaseDynamicLinks */ = {
			isa = XCSwiftPackageProductDependency;
			package = D6D647DE2A0057C300FA45C8 /* XCRemoteSwiftPackageReference "firebase-ios-sdk" */;
			productName = FirebaseDynamicLinks;
		};
		D6D647F32A0057C300FA45C8 /* FirebaseFirestore */ = {
			isa = XCSwiftPackageProductDependency;
			package = D6D647DE2A0057C300FA45C8 /* XCRemoteSwiftPackageReference "firebase-ios-sdk" */;
			productName = FirebaseFirestore;
		};
		D6D647F52A0057C300FA45C8 /* FirebaseFirestoreCombine-Community */ = {
			isa = XCSwiftPackageProductDependency;
			package = D6D647DE2A0057C300FA45C8 /* XCRemoteSwiftPackageReference "firebase-ios-sdk" */;
			productName = "FirebaseFirestoreCombine-Community";
		};
		D6D647F72A0057C300FA45C8 /* FirebaseFirestoreSwift */ = {
			isa = XCSwiftPackageProductDependency;
			package = D6D647DE2A0057C300FA45C8 /* XCRemoteSwiftPackageReference "firebase-ios-sdk" */;
			productName = FirebaseFirestoreSwift;
		};
		D6D647F92A0057C300FA45C8 /* FirebaseFunctions */ = {
			isa = XCSwiftPackageProductDependency;
			package = D6D647DE2A0057C300FA45C8 /* XCRemoteSwiftPackageReference "firebase-ios-sdk" */;
			productName = FirebaseFunctions;
		};
		D6D647FB2A0057C300FA45C8 /* FirebaseFunctionsCombine-Community */ = {
			isa = XCSwiftPackageProductDependency;
			package = D6D647DE2A0057C300FA45C8 /* XCRemoteSwiftPackageReference "firebase-ios-sdk" */;
			productName = "FirebaseFunctionsCombine-Community";
		};
		D6D647FD2A0057C300FA45C8 /* FirebaseInAppMessaging-Beta */ = {
			isa = XCSwiftPackageProductDependency;
			package = D6D647DE2A0057C300FA45C8 /* XCRemoteSwiftPackageReference "firebase-ios-sdk" */;
			productName = "FirebaseInAppMessaging-Beta";
		};
		D6D647FF2A0057C300FA45C8 /* FirebaseInAppMessagingSwift-Beta */ = {
			isa = XCSwiftPackageProductDependency;
			package = D6D647DE2A0057C300FA45C8 /* XCRemoteSwiftPackageReference "firebase-ios-sdk" */;
			productName = "FirebaseInAppMessagingSwift-Beta";
		};
		D6D648012A0057C300FA45C8 /* FirebaseInstallations */ = {
			isa = XCSwiftPackageProductDependency;
			package = D6D647DE2A0057C300FA45C8 /* XCRemoteSwiftPackageReference "firebase-ios-sdk" */;
			productName = FirebaseInstallations;
		};
		D6D648032A0057C300FA45C8 /* FirebaseMLModelDownloader */ = {
			isa = XCSwiftPackageProductDependency;
			package = D6D647DE2A0057C300FA45C8 /* XCRemoteSwiftPackageReference "firebase-ios-sdk" */;
			productName = FirebaseMLModelDownloader;
		};
		D6D648052A0057C300FA45C8 /* FirebaseMessaging */ = {
			isa = XCSwiftPackageProductDependency;
			package = D6D647DE2A0057C300FA45C8 /* XCRemoteSwiftPackageReference "firebase-ios-sdk" */;
			productName = FirebaseMessaging;
		};
		D6D648072A0057C300FA45C8 /* FirebasePerformance */ = {
			isa = XCSwiftPackageProductDependency;
			package = D6D647DE2A0057C300FA45C8 /* XCRemoteSwiftPackageReference "firebase-ios-sdk" */;
			productName = FirebasePerformance;
		};
		D6D648092A0057C300FA45C8 /* FirebaseRemoteConfig */ = {
			isa = XCSwiftPackageProductDependency;
			package = D6D647DE2A0057C300FA45C8 /* XCRemoteSwiftPackageReference "firebase-ios-sdk" */;
			productName = FirebaseRemoteConfig;
		};
		D6D6480B2A0057C300FA45C8 /* FirebaseRemoteConfigSwift */ = {
			isa = XCSwiftPackageProductDependency;
			package = D6D647DE2A0057C300FA45C8 /* XCRemoteSwiftPackageReference "firebase-ios-sdk" */;
			productName = FirebaseRemoteConfigSwift;
		};
		D6D6480D2A0057C300FA45C8 /* FirebaseStorage */ = {
			isa = XCSwiftPackageProductDependency;
			package = D6D647DE2A0057C300FA45C8 /* XCRemoteSwiftPackageReference "firebase-ios-sdk" */;
			productName = FirebaseStorage;
		};
		D6D6480F2A0057C300FA45C8 /* FirebaseStorageCombine-Community */ = {
			isa = XCSwiftPackageProductDependency;
			package = D6D647DE2A0057C300FA45C8 /* XCRemoteSwiftPackageReference "firebase-ios-sdk" */;
			productName = "FirebaseStorageCombine-Community";
		};
/* End XCSwiftPackageProductDependency section */
	};
	rootObject = D6D647C32A0056BB00FA45C8 /* Project object */;
}
